
Microsoft Visual Studio Solution File, Format Version 12.00
# Visual Studio Version 17
VisualStudioVersion = 17.5.33516.290
MinimumVisualStudioVersion = 10.0.40219.1
Project("{9A19103F-16F7-4668-BE54-9A1E7A4F7556}") = "SfDatePicker-Problem", "SfDatePicker-Problem.csproj", "{8A263824-8F73-4A75-9267-F9E46955AEF7}"
EndProject
Global
	GlobalSection(SolutionConfigurationPlatforms) = preSolution
		Debug|Any CPU = Debug|Any CPU
		Release|Any CPU = Release|Any CPU
	EndGlobalSection
	GlobalSection(ProjectConfigurationPlatforms) = postSolution
		{8A263824-8F73-4A75-9267-F9E46955AEF7}.Debug|Any CPU.ActiveCfg = Debug|Any CPU
		{8A263824-8F73-4A75-9267-F9E46955AEF7}.Debug|Any CPU.Build.0 = Debug|Any CPU
		{8A263824-8F73-4A75-9267-F9E46955AEF7}.Release|Any CPU.ActiveCfg = Release|Any CPU
		{8A263824-8F73-4A75-9267-F9E46955AEF7}.Release|Any CPU.Build.0 = Release|Any CPU
	EndGlobalSection
	GlobalSection(SolutionProperties) = preSolution
		HideSolutionNode = FALSE
	EndGlobalSection
	GlobalSection(ExtensibilityGlobals) = postSolution
		SolutionGuid = {F041ABE0-8856-4427-84C1-4E2B0BE548C1}
	EndGlobalSection
EndGlobal
